
Microsoft Visual Studio Solution File, Format Version 12.00
# Visual Studio 2013
VisualStudioVersion = 12.0.40629.0
MinimumVisualStudioVersion = 10.0.40219.1
Project("{2150E333-8FDC-42A3-9474-1A3956D46DE8}") = "Api", "Api", "{05374351-75E7-4BC1-A6CF-B36AD907D130}"
EndProject
Project("{FAE04EC0-301F-11D3-BF4B-00C04F79EFBC}") = "Fleetmatics.OauthApi", "WebApi\Fleetmatics.OauthApi.csproj", "{D2009F3B-A6A9-402A-88CA-B64308E3B64E}"
EndProject
Project("{2150E333-8FDC-42A3-9474-1A3956D46DE8}") = "Domain", "Domain", "{0285684A-7C4F-4102-9C61-498417AA5E28}"
EndProject
Project("{FAE04EC0-301F-11D3-BF4B-00C04F79EFBC}") = "Fleetmatics.Domain", "Domain\Fleetmatics.Domain.csproj", "{2ED9BB42-620C-4350-B040-3121869F3813}"
EndProject
Project("{2150E333-8FDC-42A3-9474-1A3956D46DE8}") = "Data", "Data", "{399C275C-DF20-401B-B2E7-0C4146410438}"
EndProject
Project("{FAE04EC0-301F-11D3-BF4B-00C04F79EFBC}") = "Fleetmatics.Data", "Fleetmatics.Data\Fleetmatics.Data.csproj", "{339009F3-F742-44CC-81D2-7A2BDBE3396C}"
EndProject
Project("{2150E333-8FDC-42A3-9474-1A3956D46DE8}") = "Service", "Service", "{9C5A92AF-4A33-45D7-B394-BC9781216FCB}"
EndProject
Project("{FAE04EC0-301F-11D3-BF4B-00C04F79EFBC}") = "Fleetmatics.Service", "Fleetmatics.Service\Fleetmatics.Service.csproj", "{82A202DF-93F0-45B7-AAFE-A1D8A714C7A0}"
EndProject
Project("{2150E333-8FDC-42A3-9474-1A3956D46DE8}") = "Spa", "Spa", "{E7F1B584-D949-45A3-B780-B9FF632B664E}"
EndProject
Project("{FAE04EC0-301F-11D3-BF4B-00C04F79EFBC}") = "Fleetmatics.Web", "Fleetmatics.Web\Fleetmatics.Web.csproj", "{E98F2CCA-0071-4FDC-923F-FE235B819042}"
EndProject
Project("{2150E333-8FDC-42A3-9474-1A3956D46DE8}") = "Ioc", "Ioc", "{982CBDAA-86F7-4A06-92C2-387FA2E43113}"
EndProject
Project("{FAE04EC0-301F-11D3-BF4B-00C04F79EFBC}") = "Fleetmatics.Ioc", "Fleetmatics.Ioc\Fleetmatics.Ioc.csproj", "{0FF24743-1E7A-4C7B-8A82-C6916AC2FC30}"
EndProject
Project("{2150E333-8FDC-42A3-9474-1A3956D46DE8}") = "Product", "Product", "{7FC04514-172F-4F77-815B-186E2469752D}"
EndProject
Project("{FAE04EC0-301F-11D3-BF4B-00C04F79EFBC}") = "Fleetmatics.ProductWebApi", "Fleetmatics.ProductWebApi\Fleetmatics.ProductWebApi.csproj", "{332327D2-3071-48B0-BA42-C2EE9EECDCDE}"
EndProject
Global
	GlobalSection(SolutionConfigurationPlatforms) = preSolution
		Debug|Any CPU = Debug|Any CPU
		Release|Any CPU = Release|Any CPU
	EndGlobalSection
	GlobalSection(ProjectConfigurationPlatforms) = postSolution
		{D2009F3B-A6A9-402A-88CA-B64308E3B64E}.Debug|Any CPU.ActiveCfg = Debug|Any CPU
		{D2009F3B-A6A9-402A-88CA-B64308E3B64E}.Debug|Any CPU.Build.0 = Debug|Any CPU
		{D2009F3B-A6A9-402A-88CA-B64308E3B64E}.Release|Any CPU.ActiveCfg = Release|Any CPU
		{D2009F3B-A6A9-402A-88CA-B64308E3B64E}.Release|Any CPU.Build.0 = Release|Any CPU
		{2ED9BB42-620C-4350-B040-3121869F3813}.Debug|Any CPU.ActiveCfg = Debug|Any CPU
		{2ED9BB42-620C-4350-B040-3121869F3813}.Debug|Any CPU.Build.0 = Debug|Any CPU
		{2ED9BB42-620C-4350-B040-3121869F3813}.Release|Any CPU.ActiveCfg = Release|Any CPU
		{2ED9BB42-620C-4350-B040-3121869F3813}.Release|Any CPU.Build.0 = Release|Any CPU
		{339009F3-F742-44CC-81D2-7A2BDBE3396C}.Debug|Any CPU.ActiveCfg = Debug|Any CPU
		{339009F3-F742-44CC-81D2-7A2BDBE3396C}.Debug|Any CPU.Build.0 = Debug|Any CPU
		{339009F3-F742-44CC-81D2-7A2BDBE3396C}.Release|Any CPU.ActiveCfg = Release|Any CPU
		{339009F3-F742-44CC-81D2-7A2BDBE3396C}.Release|Any CPU.Build.0 = Release|Any CPU
		{82A202DF-93F0-45B7-AAFE-A1D8A714C7A0}.Debug|Any CPU.ActiveCfg = Debug|Any CPU
		{82A202DF-93F0-45B7-AAFE-A1D8A714C7A0}.Debug|Any CPU.Build.0 = Debug|Any CPU
		{82A202DF-93F0-45B7-AAFE-A1D8A714C7A0}.Release|Any CPU.ActiveCfg = Release|Any CPU
		{82A202DF-93F0-45B7-AAFE-A1D8A714C7A0}.Release|Any CPU.Build.0 = Release|Any CPU
		{E98F2CCA-0071-4FDC-923F-FE235B819042}.Debug|Any CPU.ActiveCfg = Debug|Any CPU
		{E98F2CCA-0071-4FDC-923F-FE235B819042}.Debug|Any CPU.Build.0 = Debug|Any CPU
		{E98F2CCA-0071-4FDC-923F-FE235B819042}.Release|Any CPU.ActiveCfg = Release|Any CPU
		{E98F2CCA-0071-4FDC-923F-FE235B819042}.Release|Any CPU.Build.0 = Release|Any CPU
		{0FF24743-1E7A-4C7B-8A82-C6916AC2FC30}.Debug|Any CPU.ActiveCfg = Debug|Any CPU
		{0FF24743-1E7A-4C7B-8A82-C6916AC2FC30}.Debug|Any CPU.Build.0 = Debug|Any CPU
		{0FF24743-1E7A-4C7B-8A82-C6916AC2FC30}.Release|Any CPU.ActiveCfg = Release|Any CPU
		{0FF24743-1E7A-4C7B-8A82-C6916AC2FC30}.Release|Any CPU.Build.0 = Release|Any CPU
		{332327D2-3071-48B0-BA42-C2EE9EECDCDE}.Debug|Any CPU.ActiveCfg = Debug|Any CPU
		{332327D2-3071-48B0-BA42-C2EE9EECDCDE}.Debug|Any CPU.Build.0 = Debug|Any CPU
		{332327D2-3071-48B0-BA42-C2EE9EECDCDE}.Release|Any CPU.ActiveCfg = Release|Any CPU
		{332327D2-3071-48B0-BA42-C2EE9EECDCDE}.Release|Any CPU.Build.0 = Release|Any CPU
	EndGlobalSection
	GlobalSection(SolutionProperties) = preSolution
		HideSolutionNode = FALSE
	EndGlobalSection
	GlobalSection(NestedProjects) = preSolution
		{D2009F3B-A6A9-402A-88CA-B64308E3B64E} = {05374351-75E7-4BC1-A6CF-B36AD907D130}
		{2ED9BB42-620C-4350-B040-3121869F3813} = {0285684A-7C4F-4102-9C61-498417AA5E28}
		{339009F3-F742-44CC-81D2-7A2BDBE3396C} = {399C275C-DF20-401B-B2E7-0C4146410438}
		{82A202DF-93F0-45B7-AAFE-A1D8A714C7A0} = {9C5A92AF-4A33-45D7-B394-BC9781216FCB}
		{E98F2CCA-0071-4FDC-923F-FE235B819042} = {E7F1B584-D949-45A3-B780-B9FF632B664E}
		{0FF24743-1E7A-4C7B-8A82-C6916AC2FC30} = {982CBDAA-86F7-4A06-92C2-387FA2E43113}
		{332327D2-3071-48B0-BA42-C2EE9EECDCDE} = {7FC04514-172F-4F77-815B-186E2469752D}
	EndGlobalSection
EndGlobal
